
Microsoft Visual Studio Solution File, Format Version 12.00
# Visual Studio Version 17
VisualStudioVersion = 17.13.35919.96
MinimumVisualStudioVersion = 10.0.40219.1
Project("{8BC9CEB8-8B4A-11D0-8D11-00A0C91BC942}") = "HelloWorld!", "HelloWorld!\HelloWorld!.vcxproj", "{1E0793B7-0A18-40D9-B737-0B0E98653D48}"
EndProject
Project("{8BC9CEB8-8B4A-11D0-8D11-00A0C91BC942}") = "DataTypes", "DataTypes\DataTypes.vcxproj", "{E9FC1562-E962-4192-BDE4-11E53D570CE3}"
EndProject
Project("{8BC9CEB8-8B4A-11D0-8D11-00A0C91BC942}") = "UserDataTypes", "UserDataTypes\UserDataTypes.vcxproj", "{266EECAB-B1E4-4EE4-BCD9-2B02BFBEC7CD}"
EndProject
Project("{8BC9CEB8-8B4A-11D0-8D11-00A0C91BC942}") = "Students", "Students\Students.vcxproj", "{F3941587-FE45-4361-8266-7677AD0FB270}"
EndProject
Project("{8BC9CEB8-8B4A-11D0-8D11-00A0C91BC942}") = "GoRobot", "GoRobot\GoRobot.vcxproj", "{20374F64-8575-466A-A2A7-F31CE9FF78DA}"
EndProject
Project("{8BC9CEB8-8B4A-11D0-8D11-00A0C91BC942}") = "DiceGame", "DiceGame\DiceGame.vcxproj", "{36CD6760-4AE5-4335-B17D-025BE399F716}"
EndProject
Project("{8BC9CEB8-8B4A-11D0-8D11-00A0C91BC942}") = "Container", "Container\Container.vcxproj", "{322C0C5D-7B34-4EBE-BADF-6F4C5C461E8F}"
EndProject
Project("{8BC9CEB8-8B4A-11D0-8D11-00A0C91BC942}") = "NewConcepts", "NewConcepts\NewConcepts.vcxproj", "{6B22696E-284B-4110-B824-C9C01E2C75A0}"
EndProject
Project("{8BC9CEB8-8B4A-11D0-8D11-00A0C91BC942}") = "MemoryReview", "MemoryReview\MemoryReview.vcxproj", "{EA1C97E5-F927-48FE-AB0E-DF1A313E1086}"
EndProject
Project("{8BC9CEB8-8B4A-11D0-8D11-00A0C91BC942}") = "OOP", "OOP\OOP.vcxproj", "{ADB679D6-CF01-4982-90AF-E9A80D3BC880}"
EndProject
Project("{8BC9CEB8-8B4A-11D0-8D11-00A0C91BC942}") = "Classes", "Classes\Classes.vcxproj", "{B855A6CE-0AC7-4227-8A29-3A0C4541FDA6}"
EndProject
Project("{8BC9CEB8-8B4A-11D0-8D11-00A0C91BC942}") = "Fail!", "Fail!\Fail!.vcxproj", "{F765DF24-4D9A-40BC-AA64-BC1BACB3DBA3}"
EndProject
Project("{8BC9CEB8-8B4A-11D0-8D11-00A0C91BC942}") = "Fractions", "Fractions\Fractions.vcxproj", "{9A31DE0F-7E55-4715-9882-D39ECCF02C0B}"
EndProject
Project("{8BC9CEB8-8B4A-11D0-8D11-00A0C91BC942}") = "RAYLIB1", "RAYLIB1\RAYLIB1.vcxproj", "{40591C8C-CE84-4EC0-81AA-495188CCD32A}"
EndProject
Project("{8BC9CEB8-8B4A-11D0-8D11-00A0C91BC942}") = "RPG", "RPG\RPG.vcxproj", "{9F2A34CD-1FD3-41CE-9F8A-8B4DB1C22CF5}"
EndProject
Project("{8BC9CEB8-8B4A-11D0-8D11-00A0C91BC942}") = "PIngPong", "PIngPong\PIngPong.vcxproj", "{236A2004-F626-4068-B90C-1E4CDB24B19A}"
EndProject
Global
	GlobalSection(SolutionConfigurationPlatforms) = preSolution
		Debug|x64 = Debug|x64
		Debug|x86 = Debug|x86
		Release|x64 = Release|x64
		Release|x86 = Release|x86
	EndGlobalSection
	GlobalSection(ProjectConfigurationPlatforms) = postSolution
		{1E0793B7-0A18-40D9-B737-0B0E98653D48}.Debug|x64.ActiveCfg = Debug|x64
		{1E0793B7-0A18-40D9-B737-0B0E98653D48}.Debug|x64.Build.0 = Debug|x64
		{1E0793B7-0A18-40D9-B737-0B0E98653D48}.Debug|x86.ActiveCfg = Debug|Win32
		{1E0793B7-0A18-40D9-B737-0B0E98653D48}.Debug|x86.Build.0 = Debug|Win32
		{1E0793B7-0A18-40D9-B737-0B0E98653D48}.Release|x64.ActiveCfg = Release|x64
		{1E0793B7-0A18-40D9-B737-0B0E98653D48}.Release|x64.Build.0 = Release|x64
		{1E0793B7-0A18-40D9-B737-0B0E98653D48}.Release|x86.ActiveCfg = Release|Win32
		{1E0793B7-0A18-40D9-B737-0B0E98653D48}.Release|x86.Build.0 = Release|Win32
		{E9FC1562-E962-4192-BDE4-11E53D570CE3}.Debug|x64.ActiveCfg = Debug|x64
		{E9FC1562-E962-4192-BDE4-11E53D570CE3}.Debug|x64.Build.0 = Debug|x64
		{E9FC1562-E962-4192-BDE4-11E53D570CE3}.Debug|x86.ActiveCfg = Debug|Win32
		{E9FC1562-E962-4192-BDE4-11E53D570CE3}.Debug|x86.Build.0 = Debug|Win32
		{E9FC1562-E962-4192-BDE4-11E53D570CE3}.Release|x64.ActiveCfg = Release|x64
		{E9FC1562-E962-4192-BDE4-11E53D570CE3}.Release|x64.Build.0 = Release|x64
		{E9FC1562-E962-4192-BDE4-11E53D570CE3}.Release|x86.ActiveCfg = Release|Win32
		{E9FC1562-E962-4192-BDE4-11E53D570CE3}.Release|x86.Build.0 = Release|Win32
		{266EECAB-B1E4-4EE4-BCD9-2B02BFBEC7CD}.Debug|x64.ActiveCfg = Debug|x64
		{266EECAB-B1E4-4EE4-BCD9-2B02BFBEC7CD}.Debug|x64.Build.0 = Debug|x64
		{266EECAB-B1E4-4EE4-BCD9-2B02BFBEC7CD}.Debug|x86.ActiveCfg = Debug|Win32
		{266EECAB-B1E4-4EE4-BCD9-2B02BFBEC7CD}.Debug|x86.Build.0 = Debug|Win32
		{266EECAB-B1E4-4EE4-BCD9-2B02BFBEC7CD}.Release|x64.ActiveCfg = Release|x64
		{266EECAB-B1E4-4EE4-BCD9-2B02BFBEC7CD}.Release|x64.Build.0 = Release|x64
		{266EECAB-B1E4-4EE4-BCD9-2B02BFBEC7CD}.Release|x86.ActiveCfg = Release|Win32
		{266EECAB-B1E4-4EE4-BCD9-2B02BFBEC7CD}.Release|x86.Build.0 = Release|Win32
		{F3941587-FE45-4361-8266-7677AD0FB270}.Debug|x64.ActiveCfg = Debug|x64
		{F3941587-FE45-4361-8266-7677AD0FB270}.Debug|x64.Build.0 = Debug|x64
		{F3941587-FE45-4361-8266-7677AD0FB270}.Debug|x86.ActiveCfg = Debug|Win32
		{F3941587-FE45-4361-8266-7677AD0FB270}.Debug|x86.Build.0 = Debug|Win32
		{F3941587-FE45-4361-8266-7677AD0FB270}.Release|x64.ActiveCfg = Release|x64
		{F3941587-FE45-4361-8266-7677AD0FB270}.Release|x64.Build.0 = Release|x64
		{F3941587-FE45-4361-8266-7677AD0FB270}.Release|x86.ActiveCfg = Release|Win32
		{F3941587-FE45-4361-8266-7677AD0FB270}.Release|x86.Build.0 = Release|Win32
		{20374F64-8575-466A-A2A7-F31CE9FF78DA}.Debug|x64.ActiveCfg = Debug|x64
		{20374F64-8575-466A-A2A7-F31CE9FF78DA}.Debug|x64.Build.0 = Debug|x64
		{20374F64-8575-466A-A2A7-F31CE9FF78DA}.Debug|x86.ActiveCfg = Debug|Win32
		{20374F64-8575-466A-A2A7-F31CE9FF78DA}.Debug|x86.Build.0 = Debug|Win32
		{20374F64-8575-466A-A2A7-F31CE9FF78DA}.Release|x64.ActiveCfg = Release|x64
		{20374F64-8575-466A-A2A7-F31CE9FF78DA}.Release|x64.Build.0 = Release|x64
		{20374F64-8575-466A-A2A7-F31CE9FF78DA}.Release|x86.ActiveCfg = Release|Win32
		{20374F64-8575-466A-A2A7-F31CE9FF78DA}.Release|x86.Build.0 = Release|Win32
		{36CD6760-4AE5-4335-B17D-025BE399F716}.Debug|x64.ActiveCfg = Debug|x64
		{36CD6760-4AE5-4335-B17D-025BE399F716}.Debug|x64.Build.0 = Debug|x64
		{36CD6760-4AE5-4335-B17D-025BE399F716}.Debug|x86.ActiveCfg = Debug|Win32
		{36CD6760-4AE5-4335-B17D-025BE399F716}.Debug|x86.Build.0 = Debug|Win32
		{36CD6760-4AE5-4335-B17D-025BE399F716}.Release|x64.ActiveCfg = Release|x64
		{36CD6760-4AE5-4335-B17D-025BE399F716}.Release|x64.Build.0 = Release|x64
		{36CD6760-4AE5-4335-B17D-025BE399F716}.Release|x86.ActiveCfg = Release|Win32
		{36CD6760-4AE5-4335-B17D-025BE399F716}.Release|x86.Build.0 = Release|Win32
		{322C0C5D-7B34-4EBE-BADF-6F4C5C461E8F}.Debug|x64.ActiveCfg = Debug|x64
		{322C0C5D-7B34-4EBE-BADF-6F4C5C461E8F}.Debug|x64.Build.0 = Debug|x64
		{322C0C5D-7B34-4EBE-BADF-6F4C5C461E8F}.Debug|x86.ActiveCfg = Debug|Win32
		{322C0C5D-7B34-4EBE-BADF-6F4C5C461E8F}.Debug|x86.Build.0 = Debug|Win32
		{322C0C5D-7B34-4EBE-BADF-6F4C5C461E8F}.Release|x64.ActiveCfg = Release|x64
		{322C0C5D-7B34-4EBE-BADF-6F4C5C461E8F}.Release|x64.Build.0 = Release|x64
		{322C0C5D-7B34-4EBE-BADF-6F4C5C461E8F}.Release|x86.ActiveCfg = Release|Win32
		{322C0C5D-7B34-4EBE-BADF-6F4C5C461E8F}.Release|x86.Build.0 = Release|Win32
		{6B22696E-284B-4110-B824-C9C01E2C75A0}.Debug|x64.ActiveCfg = Debug|x64
		{6B22696E-284B-4110-B824-C9C01E2C75A0}.Debug|x64.Build.0 = Debug|x64
		{6B22696E-284B-4110-B824-C9C01E2C75A0}.Debug|x86.ActiveCfg = Debug|Win32
		{6B22696E-284B-4110-B824-C9C01E2C75A0}.Debug|x86.Build.0 = Debug|Win32
		{6B22696E-284B-4110-B824-C9C01E2C75A0}.Release|x64.ActiveCfg = Release|x64
		{6B22696E-284B-4110-B824-C9C01E2C75A0}.Release|x64.Build.0 = Release|x64
		{6B22696E-284B-4110-B824-C9C01E2C75A0}.Release|x86.ActiveCfg = Release|Win32
		{6B22696E-284B-4110-B824-C9C01E2C75A0}.Release|x86.Build.0 = Release|Win32
		{EA1C97E5-F927-48FE-AB0E-DF1A313E1086}.Debug|x64.ActiveCfg = Debug|x64
		{EA1C97E5-F927-48FE-AB0E-DF1A313E1086}.Debug|x64.Build.0 = Debug|x64
		{EA1C97E5-F927-48FE-AB0E-DF1A313E1086}.Debug|x86.ActiveCfg = Debug|Win32
		{EA1C97E5-F927-48FE-AB0E-DF1A313E1086}.Debug|x86.Build.0 = Debug|Win32
		{EA1C97E5-F927-48FE-AB0E-DF1A313E1086}.Release|x64.ActiveCfg = Release|x64
		{EA1C97E5-F927-48FE-AB0E-DF1A313E1086}.Release|x64.Build.0 = Release|x64
		{EA1C97E5-F927-48FE-AB0E-DF1A313E1086}.Release|x86.ActiveCfg = Release|Win32
		{EA1C97E5-F927-48FE-AB0E-DF1A313E1086}.Release|x86.Build.0 = Release|Win32
		{ADB679D6-CF01-4982-90AF-E9A80D3BC880}.Debug|x64.ActiveCfg = Debug|x64
		{ADB679D6-CF01-4982-90AF-E9A80D3BC880}.Debug|x64.Build.0 = Debug|x64
		{ADB679D6-CF01-4982-90AF-E9A80D3BC880}.Debug|x86.ActiveCfg = Debug|Win32
		{ADB679D6-CF01-4982-90AF-E9A80D3BC880}.Debug|x86.Build.0 = Debug|Win32
		{ADB679D6-CF01-4982-90AF-E9A80D3BC880}.Release|x64.ActiveCfg = Release|x64
		{ADB679D6-CF01-4982-90AF-E9A80D3BC880}.Release|x64.Build.0 = Release|x64
		{ADB679D6-CF01-4982-90AF-E9A80D3BC880}.Release|x86.ActiveCfg = Release|Win32
		{ADB679D6-CF01-4982-90AF-E9A80D3BC880}.Release|x86.Build.0 = Release|Win32
		{B855A6CE-0AC7-4227-8A29-3A0C4541FDA6}.Debug|x64.ActiveCfg = Debug|x64
		{B855A6CE-0AC7-4227-8A29-3A0C4541FDA6}.Debug|x64.Build.0 = Debug|x64
		{B855A6CE-0AC7-4227-8A29-3A0C4541FDA6}.Debug|x86.ActiveCfg = Debug|Win32
		{B855A6CE-0AC7-4227-8A29-3A0C4541FDA6}.Debug|x86.Build.0 = Debug|Win32
		{B855A6CE-0AC7-4227-8A29-3A0C4541FDA6}.Release|x64.ActiveCfg = Release|x64
		{B855A6CE-0AC7-4227-8A29-3A0C4541FDA6}.Release|x64.Build.0 = Release|x64
		{B855A6CE-0AC7-4227-8A29-3A0C4541FDA6}.Release|x86.ActiveCfg = Release|Win32
		{B855A6CE-0AC7-4227-8A29-3A0C4541FDA6}.Release|x86.Build.0 = Release|Win32
		{F765DF24-4D9A-40BC-AA64-BC1BACB3DBA3}.Debug|x64.ActiveCfg = Debug|x64
		{F765DF24-4D9A-40BC-AA64-BC1BACB3DBA3}.Debug|x64.Build.0 = Debug|x64
		{F765DF24-4D9A-40BC-AA64-BC1BACB3DBA3}.Debug|x86.ActiveCfg = Debug|Win32
		{F765DF24-4D9A-40BC-AA64-BC1BACB3DBA3}.Debug|x86.Build.0 = Debug|Win32
		{F765DF24-4D9A-40BC-AA64-BC1BACB3DBA3}.Release|x64.ActiveCfg = Release|x64
		{F765DF24-4D9A-40BC-AA64-BC1BACB3DBA3}.Release|x64.Build.0 = Release|x64
		{F765DF24-4D9A-40BC-AA64-BC1BACB3DBA3}.Release|x86.ActiveCfg = Release|Win32
		{F765DF24-4D9A-40BC-AA64-BC1BACB3DBA3}.Release|x86.Build.0 = Release|Win32
		{9A31DE0F-7E55-4715-9882-D39ECCF02C0B}.Debug|x64.ActiveCfg = Debug|x64
		{9A31DE0F-7E55-4715-9882-D39ECCF02C0B}.Debug|x64.Build.0 = Debug|x64
		{9A31DE0F-7E55-4715-9882-D39ECCF02C0B}.Debug|x86.ActiveCfg = Debug|Win32
		{9A31DE0F-7E55-4715-9882-D39ECCF02C0B}.Debug|x86.Build.0 = Debug|Win32
		{9A31DE0F-7E55-4715-9882-D39ECCF02C0B}.Release|x64.ActiveCfg = Release|x64
		{9A31DE0F-7E55-4715-9882-D39ECCF02C0B}.Release|x64.Build.0 = Release|x64
		{9A31DE0F-7E55-4715-9882-D39ECCF02C0B}.Release|x86.ActiveCfg = Release|Win32
		{9A31DE0F-7E55-4715-9882-D39ECCF02C0B}.Release|x86.Build.0 = Release|Win32
		{40591C8C-CE84-4EC0-81AA-495188CCD32A}.Debug|x64.ActiveCfg = Debug|x64
		{40591C8C-CE84-4EC0-81AA-495188CCD32A}.Debug|x64.Build.0 = Debug|x64
		{40591C8C-CE84-4EC0-81AA-495188CCD32A}.Debug|x86.ActiveCfg = Debug|Win32
		{40591C8C-CE84-4EC0-81AA-495188CCD32A}.Debug|x86.Build.0 = Debug|Win32
		{40591C8C-CE84-4EC0-81AA-495188CCD32A}.Release|x64.ActiveCfg = Release|x64
		{40591C8C-CE84-4EC0-81AA-495188CCD32A}.Release|x64.Build.0 = Release|x64
		{40591C8C-CE84-4EC0-81AA-495188CCD32A}.Release|x86.ActiveCfg = Release|Win32
		{40591C8C-CE84-4EC0-81AA-495188CCD32A}.Release|x86.Build.0 = Release|Win32
		{9F2A34CD-1FD3-41CE-9F8A-8B4DB1C22CF5}.Debug|x64.ActiveCfg = Debug|x64
		{9F2A34CD-1FD3-41CE-9F8A-8B4DB1C22CF5}.Debug|x64.Build.0 = Debug|x64
		{9F2A34CD-1FD3-41CE-9F8A-8B4DB1C22CF5}.Debug|x86.ActiveCfg = Debug|Win32
		{9F2A34CD-1FD3-41CE-9F8A-8B4DB1C22CF5}.Debug|x86.Build.0 = Debug|Win32
		{9F2A34CD-1FD3-41CE-9F8A-8B4DB1C22CF5}.Release|x64.ActiveCfg = Release|x64
		{9F2A34CD-1FD3-41CE-9F8A-8B4DB1C22CF5}.Release|x64.Build.0 = Release|x64
		{9F2A34CD-1FD3-41CE-9F8A-8B4DB1C22CF5}.Release|x86.ActiveCfg = Release|Win32
		{9F2A34CD-1FD3-41CE-9F8A-8B4DB1C22CF5}.Release|x86.Build.0 = Release|Win32
		{236A2004-F626-4068-B90C-1E4CDB24B19A}.Debug|x64.ActiveCfg = Debug|x64
		{236A2004-F626-4068-B90C-1E4CDB24B19A}.Debug|x64.Build.0 = Debug|x64
		{236A2004-F626-4068-B90C-1E4CDB24B19A}.Debug|x86.ActiveCfg = Debug|Win32
		{236A2004-F626-4068-B90C-1E4CDB24B19A}.Debug|x86.Build.0 = Debug|Win32
		{236A2004-F626-4068-B90C-1E4CDB24B19A}.Release|x64.ActiveCfg = Release|x64
		{236A2004-F626-4068-B90C-1E4CDB24B19A}.Release|x64.Build.0 = Release|x64
		{236A2004-F626-4068-B90C-1E4CDB24B19A}.Release|x86.ActiveCfg = Release|Win32
		{236A2004-F626-4068-B90C-1E4CDB24B19A}.Release|x86.Build.0 = Release|Win32
	EndGlobalSection
	GlobalSection(SolutionProperties) = preSolution
		HideSolutionNode = FALSE
	EndGlobalSection
	GlobalSection(ExtensibilityGlobals) = postSolution
		SolutionGuid = {D3286EE8-64B7-4A65-939B-F0496331557C}
	EndGlobalSection
EndGlobal
